
Microsoft Visual Studio Solution File, Format Version 12.00
# Visual Studio Version 17
VisualStudioVersion = 17.4.33122.133
MinimumVisualStudioVersion = 10.0.40219.1
Project("{9A19103F-16F7-4668-BE54-9A1E7A4F7556}") = "DesafioOpenWeather", "DesafioOpenWeather\DesafioOpenWeather.csproj", "{BF8DFDBD-B3F7-4A94-9E9C-EE623971CCDD}"
EndProject
Project("{FAE04EC0-301F-11D3-BF4B-00C04F79EFBC}") = "TestesDesafioOpenWeather", "TestesDesafioOpenWeather\TestesDesafioOpenWeather.csproj", "{DFA1C4F1-FF9C-46DD-89C6-5508456EC781}"
EndProject
Global
	GlobalSection(SolutionConfigurationPlatforms) = preSolution
		Debug|Any CPU = Debug|Any CPU
		Release|Any CPU = Release|Any CPU
	EndGlobalSection
	GlobalSection(ProjectConfigurationPlatforms) = postSolution
		{BF8DFDBD-B3F7-4A94-9E9C-EE623971CCDD}.Debug|Any CPU.ActiveCfg = Debug|Any CPU
		{BF8DFDBD-B3F7-4A94-9E9C-EE623971CCDD}.Debug|Any CPU.Build.0 = Debug|Any CPU
		{BF8DFDBD-B3F7-4A94-9E9C-EE623971CCDD}.Release|Any CPU.ActiveCfg = Release|Any CPU
		{BF8DFDBD-B3F7-4A94-9E9C-EE623971CCDD}.Release|Any CPU.Build.0 = Release|Any CPU
		{DFA1C4F1-FF9C-46DD-89C6-5508456EC781}.Debug|Any CPU.ActiveCfg = Debug|Any CPU
		{DFA1C4F1-FF9C-46DD-89C6-5508456EC781}.Debug|Any CPU.Build.0 = Debug|Any CPU
		{DFA1C4F1-FF9C-46DD-89C6-5508456EC781}.Release|Any CPU.ActiveCfg = Release|Any CPU
		{DFA1C4F1-FF9C-46DD-89C6-5508456EC781}.Release|Any CPU.Build.0 = Release|Any CPU
	EndGlobalSection
	GlobalSection(SolutionProperties) = preSolution
		HideSolutionNode = FALSE
	EndGlobalSection
	GlobalSection(ExtensibilityGlobals) = postSolution
		SolutionGuid = {E3CE5116-79B7-4A59-ABAA-BE74687C4E54}
	EndGlobalSection
EndGlobal
